// !$*UTF8*$!
{
	archiveVersion = 1;
	classes = {
	};
	objectVersion = 48;
	objects = {

/* Begin PBXBuildFile section */
		4845C27722B574300035DBE7 /* HeaderTableViewCell.swift in Sources */ = {isa = PBXBuildFile; fileRef = 4845C27522B574300035DBE7 /* HeaderTableViewCell.swift */; };
		4845C27822B574300035DBE7 /* HeaderTableViewCell.xib in Resources */ = {isa = PBXBuildFile; fileRef = 4845C27622B574300035DBE7 /* HeaderTableViewCell.xib */; };
		5FAC504B220EB8BF002F4311 /* AppDelegate.swift in Sources */ = {isa = PBXBuildFile; fileRef = 5FAC504A220EB8BF002F4311 /* AppDelegate.swift */; };
		5FAC5050220EB8BF002F4311 /* Main.storyboard in Resources */ = {isa = PBXBuildFile; fileRef = 5FAC504E220EB8BF002F4311 /* Main.storyboard */; };
		5FAC5052220EB8BF002F4311 /* Assets.xcassets in Resources */ = {isa = PBXBuildFile; fileRef = 5FAC5051220EB8BF002F4311 /* Assets.xcassets */; };
		5FAC5055220EB8BF002F4311 /* LaunchScreen.storyboard in Resources */ = {isa = PBXBuildFile; fileRef = 5FAC5053220EB8BF002F4311 /* LaunchScreen.storyboard */; };
		5FAC507D220EBB4D002F4311 /* MovieListViewController.swift in Sources */ = {isa = PBXBuildFile; fileRef = 5FAC507C220EBB4D002F4311 /* MovieListViewController.swift */; };
		5FAC5083220EBE3B002F4311 /* BaseService.swift in Sources */ = {isa = PBXBuildFile; fileRef = 5FAC5081220EBE3B002F4311 /* BaseService.swift */; };
		5FAC5084220EBE3B002F4311 /* WebServiceManager.swift in Sources */ = {isa = PBXBuildFile; fileRef = 5FAC5082220EBE3B002F4311 /* WebServiceManager.swift */; };
		5FAC5087220EBE45002F4311 /* Constants.swift in Sources */ = {isa = PBXBuildFile; fileRef = 5FAC5085220EBE45002F4311 /* Constants.swift */; };
		5FAC5088220EBE45002F4311 /* Utilities.swift in Sources */ = {isa = PBXBuildFile; fileRef = 5FAC5086220EBE45002F4311 /* Utilities.swift */; };
		5FAC508C220EBE59002F4311 /* ViewModel.swift in Sources */ = {isa = PBXBuildFile; fileRef = 5FAC508B220EBE59002F4311 /* ViewModel.swift */; };
		5FAC508F220EBE9A002F4311 /* MovieTableViewCell.swift in Sources */ = {isa = PBXBuildFile; fileRef = 5FAC508D220EBE9A002F4311 /* MovieTableViewCell.swift */; };
		5FAC5090220EBE9A002F4311 /* MovieTableViewCell.xib in Resources */ = {isa = PBXBuildFile; fileRef = 5FAC508E220EBE9A002F4311 /* MovieTableViewCell.xib */; };
		5FAC5092220EBF52002F4311 /* MovieModel.swift in Sources */ = {isa = PBXBuildFile; fileRef = 5FAC5091220EBF52002F4311 /* MovieModel.swift */; };
		5FAC511E22104BC5002F4311 /* Localizable.strings in Resources */ = {isa = PBXBuildFile; fileRef = 5FAC511C22104BC5002F4311 /* Localizable.strings */; };
/* End PBXBuildFile section */

/* Begin PBXContainerItemProxy section */
		5FAC505C220EB8BF002F4311 /* PBXContainerItemProxy */ = {
			isa = PBXContainerItemProxy;
			containerPortal = 5FAC503F220EB8BF002F4311 /* Project object */;
			proxyType = 1;
			remoteGlobalIDString = 5FAC5046220EB8BF002F4311;
			remoteInfo = NewsPOC;
		};
		5FAC5067220EB8BF002F4311 /* PBXContainerItemProxy */ = {
			isa = PBXContainerItemProxy;
			containerPortal = 5FAC503F220EB8BF002F4311 /* Project object */;
			proxyType = 1;
			remoteGlobalIDString = 5FAC5046220EB8BF002F4311;
			remoteInfo = NewsPOC;
		};
/* End PBXContainerItemProxy section */

/* Begin PBXFileReference section */
		4845C27522B574300035DBE7 /* HeaderTableViewCell.swift */ = {isa = PBXFileReference; lastKnownFileType = sourcecode.swift; path = HeaderTableViewCell.swift; sourceTree = "<group>"; };
		4845C27622B574300035DBE7 /* HeaderTableViewCell.xib */ = {isa = PBXFileReference; lastKnownFileType = file.xib; path = HeaderTableViewCell.xib; sourceTree = "<group>"; };
		5FAC5047220EB8BF002F4311 /* MovieListPOC.app */ = {isa = PBXFileReference; explicitFileType = wrapper.application; includeInIndex = 0; path = MovieListPOC.app; sourceTree = BUILT_PRODUCTS_DIR; };
		5FAC504A220EB8BF002F4311 /* AppDelegate.swift */ = {isa = PBXFileReference; lastKnownFileType = sourcecode.swift; path = AppDelegate.swift; sourceTree = "<group>"; };
		5FAC504F220EB8BF002F4311 /* Base */ = {isa = PBXFileReference; lastKnownFileType = file.storyboard; name = Base; path = Base.lproj/Main.storyboard; sourceTree = "<group>"; };
		5FAC5051220EB8BF002F4311 /* Assets.xcassets */ = {isa = PBXFileReference; lastKnownFileType = folder.assetcatalog; path = Assets.xcassets; sourceTree = "<group>"; };
		5FAC5054220EB8BF002F4311 /* Base */ = {isa = PBXFileReference; lastKnownFileType = file.storyboard; name = Base; path = Base.lproj/LaunchScreen.storyboard; sourceTree = "<group>"; };
		5FAC5056220EB8BF002F4311 /* Info.plist */ = {isa = PBXFileReference; lastKnownFileType = text.plist.xml; path = Info.plist; sourceTree = "<group>"; };
		5FAC505B220EB8BF002F4311 /* MovieListPOCTests.xctest */ = {isa = PBXFileReference; explicitFileType = wrapper.cfbundle; includeInIndex = 0; path = MovieListPOCTests.xctest; sourceTree = BUILT_PRODUCTS_DIR; };
		5FAC5061220EB8BF002F4311 /* Info.plist */ = {isa = PBXFileReference; lastKnownFileType = text.plist.xml; path = Info.plist; sourceTree = "<group>"; };
		5FAC5066220EB8BF002F4311 /* MovieListPOCUITests.xctest */ = {isa = PBXFileReference; explicitFileType = wrapper.cfbundle; includeInIndex = 0; path = MovieListPOCUITests.xctest; sourceTree = BUILT_PRODUCTS_DIR; };
		5FAC506C220EB8BF002F4311 /* Info.plist */ = {isa = PBXFileReference; lastKnownFileType = text.plist.xml; path = Info.plist; sourceTree = "<group>"; };
		5FAC507C220EBB4D002F4311 /* MovieListViewController.swift */ = {isa = PBXFileReference; fileEncoding = 4; lastKnownFileType = sourcecode.swift; path = MovieListViewController.swift; sourceTree = "<group>"; };
		5FAC5081220EBE3B002F4311 /* BaseService.swift */ = {isa = PBXFileReference; fileEncoding = 4; lastKnownFileType = sourcecode.swift; path = BaseService.swift; sourceTree = "<group>"; };
		5FAC5082220EBE3B002F4311 /* WebServiceManager.swift */ = {isa = PBXFileReference; fileEncoding = 4; lastKnownFileType = sourcecode.swift; path = WebServiceManager.swift; sourceTree = "<group>"; };
		5FAC5085220EBE45002F4311 /* Constants.swift */ = {isa = PBXFileReference; fileEncoding = 4; lastKnownFileType = sourcecode.swift; path = Constants.swift; sourceTree = "<group>"; };
		5FAC5086220EBE45002F4311 /* Utilities.swift */ = {isa = PBXFileReference; fileEncoding = 4; lastKnownFileType = sourcecode.swift; path = Utilities.swift; sourceTree = "<group>"; };
		5FAC508B220EBE59002F4311 /* ViewModel.swift */ = {isa = PBXFileReference; fileEncoding = 4; lastKnownFileType = sourcecode.swift; path = ViewModel.swift; sourceTree = "<group>"; };
		5FAC508D220EBE9A002F4311 /* MovieTableViewCell.swift */ = {isa = PBXFileReference; lastKnownFileType = sourcecode.swift; path = MovieTableViewCell.swift; sourceTree = "<group>"; };
		5FAC508E220EBE9A002F4311 /* MovieTableViewCell.xib */ = {isa = PBXFileReference; lastKnownFileType = file.xib; path = MovieTableViewCell.xib; sourceTree = "<group>"; };
		5FAC5091220EBF52002F4311 /* MovieModel.swift */ = {isa = PBXFileReference; fileEncoding = 4; lastKnownFileType = sourcecode.swift; path = MovieModel.swift; sourceTree = "<group>"; };
		5FAC511B22104ABF002F4311 /* en */ = {isa = PBXFileReference; lastKnownFileType = text.plist.strings; name = en; path = en.lproj/Main.strings; sourceTree = "<group>"; };
		5FAC511D22104BC5002F4311 /* en */ = {isa = PBXFileReference; lastKnownFileType = text.plist.strings; name = en; path = en.lproj/Localizable.strings; sourceTree = "<group>"; };
/* End PBXFileReference section */

/* Begin PBXFrameworksBuildPhase section */
		5FAC5044220EB8BF002F4311 /* Frameworks */ = {
			isa = PBXFrameworksBuildPhase;
			buildActionMask = 2147483647;
			files = (
			);
			runOnlyForDeploymentPostprocessing = 0;
		};
		5FAC5058220EB8BF002F4311 /* Frameworks */ = {
			isa = PBXFrameworksBuildPhase;
			buildActionMask = 2147483647;
			files = (
			);
			runOnlyForDeploymentPostprocessing = 0;
		};
		5FAC5063220EB8BF002F4311 /* Frameworks */ = {
			isa = PBXFrameworksBuildPhase;
			buildActionMask = 2147483647;
			files = (
			);
			runOnlyForDeploymentPostprocessing = 0;
		};
/* End PBXFrameworksBuildPhase section */

/* Begin PBXGroup section */
		5FAC503E220EB8BF002F4311 = {
			isa = PBXGroup;
			children = (
				5FAC5049220EB8BF002F4311 /* MovieListPOC */,
				5FAC505E220EB8BF002F4311 /* MovieListPOCTests */,
				5FAC5069220EB8BF002F4311 /* MovieListPOCUITests */,
				5FAC5048220EB8BF002F4311 /* Products */,
			);
			sourceTree = "<group>";
		};
		5FAC5048220EB8BF002F4311 /* Products */ = {
			isa = PBXGroup;
			children = (
				5FAC5047220EB8BF002F4311 /* MovieListPOC.app */,
				5FAC505B220EB8BF002F4311 /* MovieListPOCTests.xctest */,
				5FAC5066220EB8BF002F4311 /* MovieListPOCUITests.xctest */,
			);
			name = Products;
			sourceTree = "<group>";
		};
		5FAC5049220EB8BF002F4311 /* MovieListPOC */ = {
			isa = PBXGroup;
			children = (
				5FAC5080220EBD15002F4311 /* CustomCell */,
				5FAC507F220EBBCE002F4311 /* ViewModels */,
				5FAC507E220EBBC1002F4311 /* Model */,
				5FAC5078220EB918002F4311 /* Controllers */,
				5FAC507A220EB93D002F4311 /* Utilities */,
				5FAC5079220EB927002F4311 /* WebServices */,
				5FAC504A220EB8BF002F4311 /* AppDelegate.swift */,
				5FAC504E220EB8BF002F4311 /* Main.storyboard */,
				5FAC5051220EB8BF002F4311 /* Assets.xcassets */,
				5FAC5053220EB8BF002F4311 /* LaunchScreen.storyboard */,
				5FAC5056220EB8BF002F4311 /* Info.plist */,
				5FAC511C22104BC5002F4311 /* Localizable.strings */,
			);
			path = MovieListPOC;
			sourceTree = "<group>";
		};
		5FAC505E220EB8BF002F4311 /* MovieListPOCTests */ = {
			isa = PBXGroup;
			children = (
				5FAC5061220EB8BF002F4311 /* Info.plist */,
			);
			path = MovieListPOCTests;
			sourceTree = "<group>";
		};
		5FAC5069220EB8BF002F4311 /* MovieListPOCUITests */ = {
			isa = PBXGroup;
			children = (
				5FAC506C220EB8BF002F4311 /* Info.plist */,
			);
			path = MovieListPOCUITests;
			sourceTree = "<group>";
		};
		5FAC5078220EB918002F4311 /* Controllers */ = {
			isa = PBXGroup;
			children = (
				5FAC507C220EBB4D002F4311 /* MovieListViewController.swift */,
			);
			path = Controllers;
			sourceTree = "<group>";
		};
		5FAC5079220EB927002F4311 /* WebServices */ = {
			isa = PBXGroup;
			children = (
				5FAC5081220EBE3B002F4311 /* BaseService.swift */,
				5FAC5082220EBE3B002F4311 /* WebServiceManager.swift */,
			);
			path = WebServices;
			sourceTree = "<group>";
		};
		5FAC507A220EB93D002F4311 /* Utilities */ = {
			isa = PBXGroup;
			children = (
				5FAC5085220EBE45002F4311 /* Constants.swift */,
				5FAC5086220EBE45002F4311 /* Utilities.swift */,
			);
			path = Utilities;
			sourceTree = "<group>";
		};
		5FAC507E220EBBC1002F4311 /* Model */ = {
			isa = PBXGroup;
			children = (
				5FAC5091220EBF52002F4311 /* MovieModel.swift */,
			);
			path = Model;
			sourceTree = "<group>";
		};
		5FAC507F220EBBCE002F4311 /* ViewModels */ = {
			isa = PBXGroup;
			children = (
				5FAC508B220EBE59002F4311 /* ViewModel.swift */,
			);
			path = ViewModels;
			sourceTree = "<group>";
		};
		5FAC5080220EBD15002F4311 /* CustomCell */ = {
			isa = PBXGroup;
			children = (
				5FAC508D220EBE9A002F4311 /* MovieTableViewCell.swift */,
				5FAC508E220EBE9A002F4311 /* MovieTableViewCell.xib */,
				4845C27522B574300035DBE7 /* HeaderTableViewCell.swift */,
				4845C27622B574300035DBE7 /* HeaderTableViewCell.xib */,
			);
			path = CustomCell;
			sourceTree = "<group>";
		};
/* End PBXGroup section */

/* Begin PBXNativeTarget section */
		5FAC5046220EB8BF002F4311 /* MovieListPOC */ = {
			isa = PBXNativeTarget;
			buildConfigurationList = 5FAC506F220EB8BF002F4311 /* Build configuration list for PBXNativeTarget "MovieListPOC" */;
			buildPhases = (
				5FAC5043220EB8BF002F4311 /* Sources */,
				5FAC5044220EB8BF002F4311 /* Frameworks */,
				5FAC5045220EB8BF002F4311 /* Resources */,
			);
			buildRules = (
			);
			dependencies = (
			);
			name = MovieListPOC;
			productName = NewsPOC;
			productReference = 5FAC5047220EB8BF002F4311 /* MovieListPOC.app */;
			productType = "com.apple.product-type.application";
		};
		5FAC505A220EB8BF002F4311 /* MovieListPOCTests */ = {
			isa = PBXNativeTarget;
			buildConfigurationList = 5FAC5072220EB8BF002F4311 /* Build configuration list for PBXNativeTarget "MovieListPOCTests" */;
			buildPhases = (
				5FAC5057220EB8BF002F4311 /* Sources */,
				5FAC5058220EB8BF002F4311 /* Frameworks */,
				5FAC5059220EB8BF002F4311 /* Resources */,
			);
			buildRules = (
			);
			dependencies = (
				5FAC505D220EB8BF002F4311 /* PBXTargetDependency */,
			);
			name = MovieListPOCTests;
			productName = NewsPOCTests;
			productReference = 5FAC505B220EB8BF002F4311 /* MovieListPOCTests.xctest */;
			productType = "com.apple.product-type.bundle.unit-test";
		};
		5FAC5065220EB8BF002F4311 /* MovieListPOCUITests */ = {
			isa = PBXNativeTarget;
			buildConfigurationList = 5FAC5075220EB8BF002F4311 /* Build configuration list for PBXNativeTarget "MovieListPOCUITests" */;
			buildPhases = (
				5FAC5062220EB8BF002F4311 /* Sources */,
				5FAC5063220EB8BF002F4311 /* Frameworks */,
				5FAC5064220EB8BF002F4311 /* Resources */,
			);
			buildRules = (
			);
			dependencies = (
				5FAC5068220EB8BF002F4311 /* PBXTargetDependency */,
			);
			name = MovieListPOCUITests;
			productName = NewsPOCUITests;
			productReference = 5FAC5066220EB8BF002F4311 /* MovieListPOCUITests.xctest */;
			productType = "com.apple.product-type.bundle.ui-testing";
		};
/* End PBXNativeTarget section */

/* Begin PBXProject section */
		5FAC503F220EB8BF002F4311 /* Project object */ = {
			isa = PBXProject;
			attributes = {
				LastSwiftUpdateCheck = 0920;
				LastUpgradeCheck = 1000;
				ORGANIZATIONNAME = "Manjunatha Kaliwal";
				TargetAttributes = {
					5FAC5046220EB8BF002F4311 = {
						CreatedOnToolsVersion = 9.2;
						LastSwiftMigration = 1000;
						ProvisioningStyle = Manual;
					};
					5FAC505A220EB8BF002F4311 = {
						CreatedOnToolsVersion = 9.2;
						LastSwiftMigration = 1000;
						ProvisioningStyle = Automatic;
						TestTargetID = 5FAC5046220EB8BF002F4311;
					};
					5FAC5065220EB8BF002F4311 = {
						CreatedOnToolsVersion = 9.2;
						LastSwiftMigration = 1000;
						ProvisioningStyle = Manual;
						TestTargetID = 5FAC5046220EB8BF002F4311;
					};
				};
			};
			buildConfigurationList = 5FAC5042220EB8BF002F4311 /* Build configuration list for PBXProject "MovieListPOC" */;
			compatibilityVersion = "Xcode 8.0";
			developmentRegion = en;
			hasScannedForEncodings = 0;
			knownRegions = (
				en,
				Base,
			);
			mainGroup = 5FAC503E220EB8BF002F4311;
			productRefGroup = 5FAC5048220EB8BF002F4311 /* Products */;
			projectDirPath = "";
			projectRoot = "";
			targets = (
				5FAC5046220EB8BF002F4311 /* MovieListPOC */,
				5FAC505A220EB8BF002F4311 /* MovieListPOCTests */,
				5FAC5065220EB8BF002F4311 /* MovieListPOCUITests */,
			);
		};
/* End PBXProject section */

/* Begin PBXResourcesBuildPhase section */
		5FAC5045220EB8BF002F4311 /* Resources */ = {
			isa = PBXResourcesBuildPhase;
			buildActionMask = 2147483647;
			files = (
				5FAC511E22104BC5002F4311 /* Localizable.strings in Resources */,
				5FAC5055220EB8BF002F4311 /* LaunchScreen.storyboard in Resources */,
				5FAC5052220EB8BF002F4311 /* Assets.xcassets in Resources */,
				5FAC5090220EBE9A002F4311 /* MovieTableViewCell.xib in Resources */,
				4845C27822B574300035DBE7 /* HeaderTableViewCell.xib in Resources */,
				5FAC5050220EB8BF002F4311 /* Main.storyboard in Resources */,
			);
			runOnlyForDeploymentPostprocessing = 0;
		};
		5FAC5059220EB8BF002F4311 /* Resources */ = {
			isa = PBXResourcesBuildPhase;
			buildActionMask = 2147483647;
			files = (
			);
			runOnlyForDeploymentPostprocessing = 0;
		};
		5FAC5064220EB8BF002F4311 /* Resources */ = {
			isa = PBXResourcesBuildPhase;
			buildActionMask = 2147483647;
			files = (
			);
			runOnlyForDeploymentPostprocessing = 0;
		};
/* End PBXResourcesBuildPhase section */

/* Begin PBXSourcesBuildPhase section */
		5FAC5043220EB8BF002F4311 /* Sources */ = {
			isa = PBXSourcesBuildPhase;
			buildActionMask = 2147483647;
			files = (
				5FAC5088220EBE45002F4311 /* Utilities.swift in Sources */,
				5FAC5087220EBE45002F4311 /* Constants.swift in Sources */,
				5FAC507D220EBB4D002F4311 /* MovieListViewController.swift in Sources */,
				5FAC504B220EB8BF002F4311 /* AppDelegate.swift in Sources */,
				5FAC5092220EBF52002F4311 /* MovieModel.swift in Sources */,
				5FAC5083220EBE3B002F4311 /* BaseService.swift in Sources */,
				4845C27722B574300035DBE7 /* HeaderTableViewCell.swift in Sources */,
				5FAC5084220EBE3B002F4311 /* WebServiceManager.swift in Sources */,
				5FAC508C220EBE59002F4311 /* ViewModel.swift in Sources */,
				5FAC508F220EBE9A002F4311 /* MovieTableViewCell.swift in Sources */,
			);
			runOnlyForDeploymentPostprocessing = 0;
		};
		5FAC5057220EB8BF002F4311 /* Sources */ = {
			isa = PBXSourcesBuildPhase;
			buildActionMask = 2147483647;
			files = (
			);
			runOnlyForDeploymentPostprocessing = 0;
		};
		5FAC5062220EB8BF002F4311 /* Sources */ = {
			isa = PBXSourcesBuildPhase;
			buildActionMask = 2147483647;
			files = (
			);
			runOnlyForDeploymentPostprocessing = 0;
		};
/* End PBXSourcesBuildPhase section */

/* Begin PBXTargetDependency section */
		5FAC505D220EB8BF002F4311 /* PBXTargetDependency */ = {
			isa = PBXTargetDependency;
			target = 5FAC5046220EB8BF002F4311 /* MovieListPOC */;
			targetProxy = 5FAC505C220EB8BF002F4311 /* PBXContainerItemProxy */;
		};
		5FAC5068220EB8BF002F4311 /* PBXTargetDependency */ = {
			isa = PBXTargetDependency;
			target = 5FAC5046220EB8BF002F4311 /* MovieListPOC */;
			targetProxy = 5FAC5067220EB8BF002F4311 /* PBXContainerItemProxy */;
		};
/* End PBXTargetDependency section */

/* Begin PBXVariantGroup section */
		5FAC504E220EB8BF002F4311 /* Main.storyboard */ = {
			isa = PBXVariantGroup;
			children = (
				5FAC504F220EB8BF002F4311 /* Base */,
				5FAC511B22104ABF002F4311 /* en */,
			);
			name = Main.storyboard;
			sourceTree = "<group>";
		};
		5FAC5053220EB8BF002F4311 /* LaunchScreen.storyboard */ = {
			isa = PBXVariantGroup;
			children = (
				5FAC5054220EB8BF002F4311 /* Base */,
			);
			name = LaunchScreen.storyboard;
			sourceTree = "<group>";
		};
		5FAC511C22104BC5002F4311 /* Localizable.strings */ = {
			isa = PBXVariantGroup;
			children = (
				5FAC511D22104BC5002F4311 /* en */,
			);
			name = Localizable.strings;
			sourceTree = "<group>";
		};
/* End PBXVariantGroup section */

/* Begin XCBuildConfiguration section */
		5FAC506D220EB8BF002F4311 /* Debug */ = {
			isa = XCBuildConfiguration;
			buildSettings = {
				ALWAYS_SEARCH_USER_PATHS = NO;
				CLANG_ANALYZER_NONNULL = YES;
				CLANG_ANALYZER_NUMBER_OBJECT_CONVERSION = YES_AGGRESSIVE;
				CLANG_CXX_LANGUAGE_STANDARD = "gnu++14";
				CLANG_CXX_LIBRARY = "libc++";
				CLANG_ENABLE_MODULES = YES;
				CLANG_ENABLE_OBJC_ARC = YES;
				CLANG_WARN_BLOCK_CAPTURE_AUTORELEASING = YES;
				CLANG_WARN_BOOL_CONVERSION = YES;
				CLANG_WARN_COMMA = YES;
				CLANG_WARN_CONSTANT_CONVERSION = YES;
				CLANG_WARN_DEPRECATED_OBJC_IMPLEMENTATIONS = YES;
				CLANG_WARN_DIRECT_OBJC_ISA_USAGE = YES_ERROR;
				CLANG_WARN_DOCUMENTATION_COMMENTS = YES;
				CLANG_WARN_EMPTY_BODY = YES;
				CLANG_WARN_ENUM_CONVERSION = YES;
				CLANG_WARN_INFINITE_RECURSION = YES;
				CLANG_WARN_INT_CONVERSION = YES;
				CLANG_WARN_NON_LITERAL_NULL_CONVERSION = YES;
				CLANG_WARN_OBJC_IMPLICIT_RETAIN_SELF = YES;
				CLANG_WARN_OBJC_LITERAL_CONVERSION = YES;
				CLANG_WARN_OBJC_ROOT_CLASS = YES_ERROR;
				CLANG_WARN_RANGE_LOOP_ANALYSIS = YES;
				CLANG_WARN_STRICT_PROTOTYPES = YES;
				CLANG_WARN_SUSPICIOUS_MOVE = YES;
				CLANG_WARN_UNGUARDED_AVAILABILITY = YES_AGGRESSIVE;
				CLANG_WARN_UNREACHABLE_CODE = YES;
				CLANG_WARN__DUPLICATE_METHOD_MATCH = YES;
				CODE_SIGN_IDENTITY = "iPhone Developer";
				COPY_PHASE_STRIP = NO;
				DEBUG_INFORMATION_FORMAT = dwarf;
				ENABLE_STRICT_OBJC_MSGSEND = YES;
				ENABLE_TESTABILITY = YES;
				GCC_C_LANGUAGE_STANDARD = gnu11;
				GCC_DYNAMIC_NO_PIC = NO;
				GCC_NO_COMMON_BLOCKS = YES;
				GCC_OPTIMIZATION_LEVEL = 0;
				GCC_PREPROCESSOR_DEFINITIONS = (
					"DEBUG=1",
					"$(inherited)",
				);
				GCC_WARN_64_TO_32_BIT_CONVERSION = YES;
				GCC_WARN_ABOUT_RETURN_TYPE = YES_ERROR;
				GCC_WARN_UNDECLARED_SELECTOR = YES;
				GCC_WARN_UNINITIALIZED_AUTOS = YES_AGGRESSIVE;
				GCC_WARN_UNUSED_FUNCTION = YES;
				GCC_WARN_UNUSED_VARIABLE = YES;
				IPHONEOS_DEPLOYMENT_TARGET = 10.0;
				MTL_ENABLE_DEBUG_INFO = YES;
				ONLY_ACTIVE_ARCH = YES;
				SDKROOT = iphoneos;
				SWIFT_ACTIVE_COMPILATION_CONDITIONS = DEBUG;
				SWIFT_OPTIMIZATION_LEVEL = "-Onone";
			};
			name = Debug;
		};
		5FAC506E220EB8BF002F4311 /* Release */ = {
			isa = XCBuildConfiguration;
			buildSettings = {
				ALWAYS_SEARCH_USER_PATHS = NO;
				CLANG_ANALYZER_NONNULL = YES;
				CLANG_ANALYZER_NUMBER_OBJECT_CONVERSION = YES_AGGRESSIVE;
				CLANG_CXX_LANGUAGE_STANDARD = "gnu++14";
				CLANG_CXX_LIBRARY = "libc++";
				CLANG_ENABLE_MODULES = YES;
				CLANG_ENABLE_OBJC_ARC = YES;
				CLANG_WARN_BLOCK_CAPTURE_AUTORELEASING = YES;
				CLANG_WARN_BOOL_CONVERSION = YES;
				CLANG_WARN_COMMA = YES;
				CLANG_WARN_CONSTANT_CONVERSION = YES;
				CLANG_WARN_DEPRECATED_OBJC_IMPLEMENTATIONS = YES;
				CLANG_WARN_DIRECT_OBJC_ISA_USAGE = YES_ERROR;
				CLANG_WARN_DOCUMENTATION_COMMENTS = YES;
				CLANG_WARN_EMPTY_BODY = YES;
				CLANG_WARN_ENUM_CONVERSION = YES;
				CLANG_WARN_INFINITE_RECURSION = YES;
				CLANG_WARN_INT_CONVERSION = YES;
				CLANG_WARN_NON_LITERAL_NULL_CONVERSION = YES;
				CLANG_WARN_OBJC_IMPLICIT_RETAIN_SELF = YES;
				CLANG_WARN_OBJC_LITERAL_CONVERSION = YES;
				CLANG_WARN_OBJC_ROOT_CLASS = YES_ERROR;
				CLANG_WARN_RANGE_LOOP_ANALYSIS = YES;
				CLANG_WARN_STRICT_PROTOTYPES = YES;
				CLANG_WARN_SUSPICIOUS_MOVE = YES;
				CLANG_WARN_UNGUARDED_AVAILABILITY = YES_AGGRESSIVE;
				CLANG_WARN_UNREACHABLE_CODE = YES;
				CLANG_WARN__DUPLICATE_METHOD_MATCH = YES;
				CODE_SIGN_IDENTITY = "iPhone Developer";
				COPY_PHASE_STRIP = NO;
				DEBUG_INFORMATION_FORMAT = "dwarf-with-dsym";
				ENABLE_NS_ASSERTIONS = NO;
				ENABLE_STRICT_OBJC_MSGSEND = YES;
				GCC_C_LANGUAGE_STANDARD = gnu11;
				GCC_NO_COMMON_BLOCKS = YES;
				GCC_WARN_64_TO_32_BIT_CONVERSION = YES;
				GCC_WARN_ABOUT_RETURN_TYPE = YES_ERROR;
				GCC_WARN_UNDECLARED_SELECTOR = YES;
				GCC_WARN_UNINITIALIZED_AUTOS = YES_AGGRESSIVE;
				GCC_WARN_UNUSED_FUNCTION = YES;
				GCC_WARN_UNUSED_VARIABLE = YES;
				IPHONEOS_DEPLOYMENT_TARGET = 10.0;
				MTL_ENABLE_DEBUG_INFO = NO;
				SDKROOT = iphoneos;
				SWIFT_OPTIMIZATION_LEVEL = "-Owholemodule";
				VALIDATE_PRODUCT = YES;
			};
			name = Release;
		};
		5FAC5070220EB8BF002F4311 /* Debug */ = {
			isa = XCBuildConfiguration;
			buildSettings = {
				ASSETCATALOG_COMPILER_APPICON_NAME = AppIcon;
				CODE_SIGN_STYLE = Manual;
				DEVELOPMENT_TEAM = "";
				INFOPLIST_FILE = "$(SRCROOT)/MovieListPOC/Info.plist";
				IPHONEOS_DEPLOYMENT_TARGET = 10.0;
				LD_RUNPATH_SEARCH_PATHS = "$(inherited) @executable_path/Frameworks";
				PRODUCT_BUNDLE_IDENTIFIER = com.MovieListPOC.app;
				PRODUCT_NAME = "$(TARGET_NAME)";
				PROVISIONING_PROFILE_SPECIFIER = "";
				SWIFT_VERSION = 4.2;
				TARGETED_DEVICE_FAMILY = 2;
			};
			name = Debug;
		};
		5FAC5071220EB8BF002F4311 /* Release */ = {
			isa = XCBuildConfiguration;
			buildSettings = {
				ASSETCATALOG_COMPILER_APPICON_NAME = AppIcon;
				CODE_SIGN_STYLE = Manual;
				DEVELOPMENT_TEAM = "";
				INFOPLIST_FILE = "$(SRCROOT)/MovieListPOC/Info.plist";
				IPHONEOS_DEPLOYMENT_TARGET = 10.0;
				LD_RUNPATH_SEARCH_PATHS = "$(inherited) @executable_path/Frameworks";
				PRODUCT_BUNDLE_IDENTIFIER = com.MovieListPOC.app;
				PRODUCT_NAME = "$(TARGET_NAME)";
				PROVISIONING_PROFILE_SPECIFIER = "";
				SWIFT_VERSION = 4.2;
				TARGETED_DEVICE_FAMILY = 2;
			};
			name = Release;
		};
		5FAC5073220EB8BF002F4311 /* Debug */ = {
			isa = XCBuildConfiguration;
			buildSettings = {
				ALWAYS_EMBED_SWIFT_STANDARD_LIBRARIES = YES;
				BUNDLE_LOADER = "$(TEST_HOST)";
				CODE_SIGN_STYLE = Automatic;
				INFOPLIST_FILE = RestaurantsPOCTests/Info.plist;
				IPHONEOS_DEPLOYMENT_TARGET = 10.0;
				LD_RUNPATH_SEARCH_PATHS = "$(inherited) @executable_path/Frameworks @loader_path/Frameworks";
				PRODUCT_BUNDLE_IDENTIFIER = com.RestaurantsPOC.RestaurantsPOCTests;
				PRODUCT_NAME = "$(TARGET_NAME)";
				SWIFT_VERSION = 4.2;
				TARGETED_DEVICE_FAMILY = "1,2";
				TEST_HOST = "$(BUILT_PRODUCTS_DIR)/MovieListPOC.app/MovieListPOC";
			};
			name = Debug;
		};
		5FAC5074220EB8BF002F4311 /* Release */ = {
			isa = XCBuildConfiguration;
			buildSettings = {
				ALWAYS_EMBED_SWIFT_STANDARD_LIBRARIES = YES;
				BUNDLE_LOADER = "$(TEST_HOST)";
				CODE_SIGN_STYLE = Automatic;
				INFOPLIST_FILE = RestaurantsPOCTests/Info.plist;
				IPHONEOS_DEPLOYMENT_TARGET = 10.0;
				LD_RUNPATH_SEARCH_PATHS = "$(inherited) @executable_path/Frameworks @loader_path/Frameworks";
				PRODUCT_BUNDLE_IDENTIFIER = com.RestaurantsPOC.RestaurantsPOCTests;
				PRODUCT_NAME = "$(TARGET_NAME)";
				SWIFT_VERSION = 4.2;
				TARGETED_DEVICE_FAMILY = "1,2";
				TEST_HOST = "$(BUILT_PRODUCTS_DIR)/MovieListPOC.app/MovieListPOC";
			};
			name = Release;
		};
		5FAC5076220EB8BF002F4311 /* Debug */ = {
			isa = XCBuildConfiguration;
			buildSettings = {
				ALWAYS_EMBED_SWIFT_STANDARD_LIBRARIES = YES;
				CODE_SIGN_STYLE = Manual;
				DEVELOPMENT_TEAM = "";
				INFOPLIST_FILE = RestaurantsPOCUITests/Info.plist;
				IPHONEOS_DEPLOYMENT_TARGET = 10.0;
				LD_RUNPATH_SEARCH_PATHS = "$(inherited) @executable_path/Frameworks @loader_path/Frameworks";
				PRODUCT_BUNDLE_IDENTIFIER = com.swiftassessment.RestaurantsPOCUITests;
				PRODUCT_NAME = "$(TARGET_NAME)";
				PROVISIONING_PROFILE_SPECIFIER = "";
				SWIFT_VERSION = 4.2;
				TARGETED_DEVICE_FAMILY = "1,2";
				TEST_TARGET_NAME = NewsPOC;
			};
			name = Debug;
		};
		5FAC5077220EB8BF002F4311 /* Release */ = {
			isa = XCBuildConfiguration;
			buildSettings = {
				ALWAYS_EMBED_SWIFT_STANDARD_LIBRARIES = YES;
				CODE_SIGN_STYLE = Manual;
				DEVELOPMENT_TEAM = "";
				INFOPLIST_FILE = RestaurantsPOCUITests/Info.plist;
				IPHONEOS_DEPLOYMENT_TARGET = 10.0;
				LD_RUNPATH_SEARCH_PATHS = "$(inherited) @executable_path/Frameworks @loader_path/Frameworks";
				PRODUCT_BUNDLE_IDENTIFIER = com.swiftassessment.RestaurantsPOCUITests;
				PRODUCT_NAME = "$(TARGET_NAME)";
				PROVISIONING_PROFILE_SPECIFIER = "";
				SWIFT_VERSION = 4.2;
				TARGETED_DEVICE_FAMILY = "1,2";
				TEST_TARGET_NAME = NewsPOC;
			};
			name = Release;
		};
/* End XCBuildConfiguration section */

/* Begin XCConfigurationList section */
		5FAC5042220EB8BF002F4311 /* Build configuration list for PBXProject "MovieListPOC" */ = {
			isa = XCConfigurationList;
			buildConfigurations = (
				5FAC506D220EB8BF002F4311 /* Debug */,
				5FAC506E220EB8BF002F4311 /* Release */,
			);
			defaultConfigurationIsVisible = 0;
			defaultConfigurationName = Release;
		};
		5FAC506F220EB8BF002F4311 /* Build configuration list for PBXNativeTarget "MovieListPOC" */ = {
			isa = XCConfigurationList;
			buildConfigurations = (
				5FAC5070220EB8BF002F4311 /* Debug */,
				5FAC5071220EB8BF002F4311 /* Release */,
			);
			defaultConfigurationIsVisible = 0;
			defaultConfigurationName = Release;
		};
		5FAC5072220EB8BF002F4311 /* Build configuration list for PBXNativeTarget "MovieListPOCTests" */ = {
			isa = XCConfigurationList;
			buildConfigurations = (
				5FAC5073220EB8BF002F4311 /* Debug */,
				5FAC5074220EB8BF002F4311 /* Release */,
			);
			defaultConfigurationIsVisible = 0;
			defaultConfigurationName = Release;
		};
		5FAC5075220EB8BF002F4311 /* Build configuration list for PBXNativeTarget "MovieListPOCUITests" */ = {
			isa = XCConfigurationList;
			buildConfigurations = (
				5FAC5076220EB8BF002F4311 /* Debug */,
				5FAC5077220EB8BF002F4311 /* Release */,
			);
			defaultConfigurationIsVisible = 0;
			defaultConfigurationName = Release;
		};
/* End XCConfigurationList section */
	};
	rootObject = 5FAC503F220EB8BF002F4311 /* Project object */;
}
